
Microsoft Visual Studio Solution File, Format Version 12.00
# Visual Studio Version 17
VisualStudioVersion = 17.11.35219.272
MinimumVisualStudioVersion = 10.0.40219.1
Project("{FAE04EC0-301F-11D3-BF4B-00C04F79EFBC}") = "Order.Api", "Order.Api\Order.Api.csproj", "{4BA9F9E5-CEC2-462C-B1EA-9A7AE602DCF9}"
EndProject
Project("{FAE04EC0-301F-11D3-BF4B-00C04F79EFBC}") = "Offer.Api", "Offer.Api\Offer.Api.csproj", "{A75398B5-EF53-4FD4-8914-5B24B6A10418}"
EndProject
Project("{FAE04EC0-301F-11D3-BF4B-00C04F79EFBC}") = "Common.Transversal", "Common.Transversal\Common.Transversal.csproj", "{89FFAB07-C488-487C-B1BE-35C7D861C27F}"
EndProject
Project("{2150E333-8FDC-42A3-9474-1A3956D46DE8}") = "rabbitmq", "rabbitmq", "{412EC7EA-2E0C-41EA-9A20-165BF8FB81ED}"
	ProjectSection(SolutionItems) = preProject
		rabbitmq\docker-compose.yml = rabbitmq\docker-compose.yml
	EndProjectSection
EndProject
Global
	GlobalSection(SolutionConfigurationPlatforms) = preSolution
		Debug|Any CPU = Debug|Any CPU
		Release|Any CPU = Release|Any CPU
	EndGlobalSection
	GlobalSection(ProjectConfigurationPlatforms) = postSolution
		{4BA9F9E5-CEC2-462C-B1EA-9A7AE602DCF9}.Debug|Any CPU.ActiveCfg = Debug|Any CPU
		{4BA9F9E5-CEC2-462C-B1EA-9A7AE602DCF9}.Debug|Any CPU.Build.0 = Debug|Any CPU
		{4BA9F9E5-CEC2-462C-B1EA-9A7AE602DCF9}.Release|Any CPU.ActiveCfg = Release|Any CPU
		{4BA9F9E5-CEC2-462C-B1EA-9A7AE602DCF9}.Release|Any CPU.Build.0 = Release|Any CPU
		{A75398B5-EF53-4FD4-8914-5B24B6A10418}.Debug|Any CPU.ActiveCfg = Debug|Any CPU
		{A75398B5-EF53-4FD4-8914-5B24B6A10418}.Debug|Any CPU.Build.0 = Debug|Any CPU
		{A75398B5-EF53-4FD4-8914-5B24B6A10418}.Release|Any CPU.ActiveCfg = Release|Any CPU
		{A75398B5-EF53-4FD4-8914-5B24B6A10418}.Release|Any CPU.Build.0 = Release|Any CPU
		{89FFAB07-C488-487C-B1BE-35C7D861C27F}.Debug|Any CPU.ActiveCfg = Debug|Any CPU
		{89FFAB07-C488-487C-B1BE-35C7D861C27F}.Debug|Any CPU.Build.0 = Debug|Any CPU
		{89FFAB07-C488-487C-B1BE-35C7D861C27F}.Release|Any CPU.ActiveCfg = Release|Any CPU
		{89FFAB07-C488-487C-B1BE-35C7D861C27F}.Release|Any CPU.Build.0 = Release|Any CPU
	EndGlobalSection
	GlobalSection(SolutionProperties) = preSolution
		HideSolutionNode = FALSE
	EndGlobalSection
	GlobalSection(ExtensibilityGlobals) = postSolution
		SolutionGuid = {24EA4DAA-7273-4843-BAA4-F9308D522982}
	EndGlobalSection
EndGlobal
